{
  "name": "server-monitoring",
  "version": "1.0.0",
  "lockfileVersion": 3,
  "requires": true,
  "packages": {
    "": {
      "name": "server-monitoring",
      "version": "1.0.0",
      "dependencies": {
        "dotenv": "^16.4.5",
        "systeminformation": "^5.22.11"
      },
      "engines": {
        "node": ">=18"
      }
    },
    "node_modules/dotenv": {
      "version": "16.6.1",
      "resolved": "https://registry.npmjs.org/dotenv/-/dotenv-16.6.1.tgz",
      "integrity": "sha512-uBq4egWHTcTt33a72vpSG0z3HnPuIl6NqYcTrKEg2azoEyl2hpW0zqlxysq2pK9HlDIHyHyakeYaYnSAwd8bow==",
      "license": "BSD-2-Clause",
      "engines": {
        "node": ">=12"
      },
      "funding": {
        "url": "https://dotenvx.com"
      }
    },
    "node_modules/systeminformation": {
      "version": "5.31.15",
      "resolved": "https://registry.npmjs.org/systeminformation/-/systeminformation-5.31.15.tgz",
      "integrity": "sha512-7mqCtD28TK5dVdLAQONVa/Do/NBgMH2dxqf49nh6DIKoEWuDg6tkgGBP+dN22VEJVPZa/QqiHomhWNRn4WUNTQ==",
      "license": "MIT",
      "os": [
        "darwin",
        "linux",
        "win32",
        "freebsd",
        "openbsd",
        "netbsd",
        "sunos",
        "android"
      ],
      "bin": {
        "systeminformation": "lib/cli.js"
      },
      "engines": {
        "node": ">=8.0.0"
      },
      "funding": {
        "type": "Buy me a coffee",
        "url": "https://www.buymeacoffee.com/systeminfo"
      }
    }
  }
}
